
Microsoft Visual Studio Solution File, Format Version 12.00
# Visual Studio 15
VisualStudioVersion = 15.0.26124.0
MinimumVisualStudioVersion = 15.0.26124.0
Project("{FAE04EC0-301F-11D3-BF4B-00C04F79EFBC}") = "CSCLibStandard", "CSCLibStandard\CSCLibStandard.csproj", "{5FC41BEA-3E7E-4869-8133-7A864297BC4F}"
EndProject
Project("{FAE04EC0-301F-11D3-BF4B-00C04F79EFBC}") = "CSCLibStandard.Tests", "CSCLibStandard.Tests\CSCLibStandard.Tests.csproj", "{C1D9FA81-7B00-4C2A-A5EE-B8B2FEB44CF2}"
EndProject
Project("{FAE04EC0-301F-11D3-BF4B-00C04F79EFBC}") = "CSCLibFramework", "CSCLibFramework\CSCLibFramework.csproj", "{127E431B-747B-4E98-A0A1-5A84228903D3}"
EndProject
Project("{FAE04EC0-301F-11D3-BF4B-00C04F79EFBC}") = "CSCLibFramework.Tests", "CSCLibFramework.Tests\CSCLibFramework.Tests.csproj", "{40AE3367-D29F-49D8-B9D7-CBEE3117B9BC}"
EndProject
Global
	GlobalSection(SolutionConfigurationPlatforms) = preSolution
		Debug|Any CPU = Debug|Any CPU
		Debug|x64 = Debug|x64
		Debug|x86 = Debug|x86
		Release|Any CPU = Release|Any CPU
		Release|x64 = Release|x64
		Release|x86 = Release|x86
	EndGlobalSection
	GlobalSection(SolutionProperties) = preSolution
		HideSolutionNode = FALSE
	EndGlobalSection
	GlobalSection(ProjectConfigurationPlatforms) = postSolution
		{5FC41BEA-3E7E-4869-8133-7A864297BC4F}.Debug|Any CPU.ActiveCfg = Debug|Any CPU
		{5FC41BEA-3E7E-4869-8133-7A864297BC4F}.Debug|Any CPU.Build.0 = Debug|Any CPU
		{5FC41BEA-3E7E-4869-8133-7A864297BC4F}.Debug|x64.ActiveCfg = Debug|Any CPU
		{5FC41BEA-3E7E-4869-8133-7A864297BC4F}.Debug|x64.Build.0 = Debug|Any CPU
		{5FC41BEA-3E7E-4869-8133-7A864297BC4F}.Debug|x86.ActiveCfg = Debug|Any CPU
		{5FC41BEA-3E7E-4869-8133-7A864297BC4F}.Debug|x86.Build.0 = Debug|Any CPU
		{5FC41BEA-3E7E-4869-8133-7A864297BC4F}.Release|Any CPU.ActiveCfg = Release|Any CPU
		{5FC41BEA-3E7E-4869-8133-7A864297BC4F}.Release|Any CPU.Build.0 = Release|Any CPU
		{5FC41BEA-3E7E-4869-8133-7A864297BC4F}.Release|x64.ActiveCfg = Release|Any CPU
		{5FC41BEA-3E7E-4869-8133-7A864297BC4F}.Release|x64.Build.0 = Release|Any CPU
		{5FC41BEA-3E7E-4869-8133-7A864297BC4F}.Release|x86.ActiveCfg = Release|Any CPU
		{5FC41BEA-3E7E-4869-8133-7A864297BC4F}.Release|x86.Build.0 = Release|Any CPU
		{C1D9FA81-7B00-4C2A-A5EE-B8B2FEB44CF2}.Debug|Any CPU.ActiveCfg = Debug|Any CPU
		{C1D9FA81-7B00-4C2A-A5EE-B8B2FEB44CF2}.Debug|Any CPU.Build.0 = Debug|Any CPU
		{C1D9FA81-7B00-4C2A-A5EE-B8B2FEB44CF2}.Debug|x64.ActiveCfg = Debug|Any CPU
		{C1D9FA81-7B00-4C2A-A5EE-B8B2FEB44CF2}.Debug|x64.Build.0 = Debug|Any CPU
		{C1D9FA81-7B00-4C2A-A5EE-B8B2FEB44CF2}.Debug|x86.ActiveCfg = Debug|Any CPU
		{C1D9FA81-7B00-4C2A-A5EE-B8B2FEB44CF2}.Debug|x86.Build.0 = Debug|Any CPU
		{C1D9FA81-7B00-4C2A-A5EE-B8B2FEB44CF2}.Release|Any CPU.ActiveCfg = Release|Any CPU
		{C1D9FA81-7B00-4C2A-A5EE-B8B2FEB44CF2}.Release|Any CPU.Build.0 = Release|Any CPU
		{C1D9FA81-7B00-4C2A-A5EE-B8B2FEB44CF2}.Release|x64.ActiveCfg = Release|Any CPU
		{C1D9FA81-7B00-4C2A-A5EE-B8B2FEB44CF2}.Release|x64.Build.0 = Release|Any CPU
		{C1D9FA81-7B00-4C2A-A5EE-B8B2FEB44CF2}.Release|x86.ActiveCfg = Release|Any CPU
		{C1D9FA81-7B00-4C2A-A5EE-B8B2FEB44CF2}.Release|x86.Build.0 = Release|Any CPU
		{127E431B-747B-4E98-A0A1-5A84228903D3}.Debug|Any CPU.ActiveCfg = Debug|Any CPU
		{127E431B-747B-4E98-A0A1-5A84228903D3}.Debug|Any CPU.Build.0 = Debug|Any CPU
		{127E431B-747B-4E98-A0A1-5A84228903D3}.Debug|x64.ActiveCfg = Debug|Any CPU
		{127E431B-747B-4E98-A0A1-5A84228903D3}.Debug|x64.Build.0 = Debug|Any CPU
		{127E431B-747B-4E98-A0A1-5A84228903D3}.Debug|x86.ActiveCfg = Debug|Any CPU
		{127E431B-747B-4E98-A0A1-5A84228903D3}.Debug|x86.Build.0 = Debug|Any CPU
		{127E431B-747B-4E98-A0A1-5A84228903D3}.Release|Any CPU.ActiveCfg = Release|Any CPU
		{127E431B-747B-4E98-A0A1-5A84228903D3}.Release|Any CPU.Build.0 = Release|Any CPU
		{127E431B-747B-4E98-A0A1-5A84228903D3}.Release|x64.ActiveCfg = Release|Any CPU
		{127E431B-747B-4E98-A0A1-5A84228903D3}.Release|x64.Build.0 = Release|Any CPU
		{127E431B-747B-4E98-A0A1-5A84228903D3}.Release|x86.ActiveCfg = Release|Any CPU
		{127E431B-747B-4E98-A0A1-5A84228903D3}.Release|x86.Build.0 = Release|Any CPU
		{40AE3367-D29F-49D8-B9D7-CBEE3117B9BC}.Debug|Any CPU.ActiveCfg = Debug|Any CPU
		{40AE3367-D29F-49D8-B9D7-CBEE3117B9BC}.Debug|Any CPU.Build.0 = Debug|Any CPU
		{40AE3367-D29F-49D8-B9D7-CBEE3117B9BC}.Debug|x64.ActiveCfg = Debug|Any CPU
		{40AE3367-D29F-49D8-B9D7-CBEE3117B9BC}.Debug|x64.Build.0 = Debug|Any CPU
		{40AE3367-D29F-49D8-B9D7-CBEE3117B9BC}.Debug|x86.ActiveCfg = Debug|Any CPU
		{40AE3367-D29F-49D8-B9D7-CBEE3117B9BC}.Debug|x86.Build.0 = Debug|Any CPU
		{40AE3367-D29F-49D8-B9D7-CBEE3117B9BC}.Release|Any CPU.ActiveCfg = Release|Any CPU
		{40AE3367-D29F-49D8-B9D7-CBEE3117B9BC}.Release|Any CPU.Build.0 = Release|Any CPU
		{40AE3367-D29F-49D8-B9D7-CBEE3117B9BC}.Release|x64.ActiveCfg = Release|Any CPU
		{40AE3367-D29F-49D8-B9D7-CBEE3117B9BC}.Release|x64.Build.0 = Release|Any CPU
		{40AE3367-D29F-49D8-B9D7-CBEE3117B9BC}.Release|x86.ActiveCfg = Release|Any CPU
		{40AE3367-D29F-49D8-B9D7-CBEE3117B9BC}.Release|x86.Build.0 = Release|Any CPU
	EndGlobalSection
EndGlobal
